// !$*UTF8*$!
{
	archiveVersion = 1;
	classes = {
	};
	objectVersion = 77;
	objects = {

/* Begin PBXBuildFile section */
		D9ADB1AC2F6C65AC00FEDA12 /* DesignSystem in Frameworks */ = {isa = PBXBuildFile; productRef = D9ADB1AB2F6C65AC00FEDA12 /* DesignSystem */; };
		D9ADB1AF2F6C686B00FEDA12 /* Models in Frameworks */ = {isa = PBXBuildFile; productRef = D9ADB1AE2F6C686B00FEDA12 /* Models */; };
		D9ADB1B32F6C6AA600FEDA12 /* Repositories in Frameworks */ = {isa = PBXBuildFile; productRef = D9ADB1B22F6C6AA600FEDA12 /* Repositories */; };
		D9ADB1B52F6C6AA600FEDA12 /* Stores in Frameworks */ = {isa = PBXBuildFile; productRef = D9ADB1B42F6C6AA600FEDA12 /* Stores */; };
		D9ADB1BD2F6C731400FEDA12 /* Home in Frameworks */ = {isa = PBXBuildFile; productRef = D9ADB1BC2F6C731400FEDA12 /* Home */; };
		D9ADB1BF2F6C731500FEDA12 /* Providers in Frameworks */ = {isa = PBXBuildFile; productRef = D9ADB1BE2F6C731500FEDA12 /* Providers */; };
		D9ADB1C32F6D0CFE00FEDA12 /* Utilities in Frameworks */ = {isa = PBXBuildFile; productRef = D9ADB1C22F6D0CFE00FEDA12 /* Utilities */; };
		D9ADB1F92F6D181600FEDA12 /* README.md in Resources */ = {isa = PBXBuildFile; fileRef = D9ADB1F82F6D181600FEDA12 /* README.md */; };
		D9ADB1FB2F6D1A1C00FEDA12 /* Analytics in Frameworks */ = {isa = PBXBuildFile; productRef = D9ADB1FA2F6D1A1C00FEDA12 /* Analytics */; };
		D9ADB1FF2F6F010B00FEDA12 /* Navigation in Frameworks */ = {isa = PBXBuildFile; productRef = D9ADB1FE2F6F010B00FEDA12 /* Navigation */; };
		D9ADB2012F6F067800FEDA12 /* Cat in Frameworks */ = {isa = PBXBuildFile; productRef = D9ADB2002F6F067800FEDA12 /* Cat */; };
/* End PBXBuildFile section */

/* Begin PBXFileReference section */
		D9ADB1572F6C646B00FEDA12 /* CatsSpa.app */ = {isa = PBXFileReference; explicitFileType = wrapper.application; includeInIndex = 0; path = CatsSpa.app; sourceTree = BUILT_PRODUCTS_DIR; };
		D9ADB1F82F6D181600FEDA12 /* README.md */ = {isa = PBXFileReference; lastKnownFileType = net.daringfireball.markdown; path = README.md; sourceTree = "<group>"; };
/* End PBXFileReference section */

/* Begin PBXFileSystemSynchronizedBuildFileExceptionSet section */
		D9ADB1A72F6C653F00FEDA12 /* Exceptions for "CatsSpa" folder in "CatsSpa" target */ = {
			isa = PBXFileSystemSynchronizedBuildFileExceptionSet;
			membershipExceptions = (
				Info.plist,
			);
			target = D9ADB1562F6C646B00FEDA12 /* CatsSpa */;
		};
/* End PBXFileSystemSynchronizedBuildFileExceptionSet section */

/* Begin PBXFileSystemSynchronizedRootGroup section */
		D9ADB1592F6C646B00FEDA12 /* CatsSpa */ = {
			isa = PBXFileSystemSynchronizedRootGroup;
			exceptions = (
				D9ADB1A72F6C653F00FEDA12 /* Exceptions for "CatsSpa" folder in "CatsSpa" target */,
			);
			path = CatsSpa;
			sourceTree = "<group>";
		};
		D9ADB1A42F6C64BD00FEDA12 /* Modules */ = {
			isa = PBXFileSystemSynchronizedRootGroup;
			path = Modules;
			sourceTree = "<group>";
		};
/* End PBXFileSystemSynchronizedRootGroup section */

/* Begin PBXFrameworksBuildPhase section */
		D9ADB1542F6C646B00FEDA12 /* Frameworks */ = {
			isa = PBXFrameworksBuildPhase;
			buildActionMask = 2147483647;
			files = (
				D9ADB1B32F6C6AA600FEDA12 /* Repositories in Frameworks */,
				D9ADB1FB2F6D1A1C00FEDA12 /* Analytics in Frameworks */,
				D9ADB1AF2F6C686B00FEDA12 /* Models in Frameworks */,
				D9ADB2012F6F067800FEDA12 /* Cat in Frameworks */,
				D9ADB1FF2F6F010B00FEDA12 /* Navigation in Frameworks */,
				D9ADB1B52F6C6AA600FEDA12 /* Stores in Frameworks */,
				D9ADB1BF2F6C731500FEDA12 /* Providers in Frameworks */,
				D9ADB1C32F6D0CFE00FEDA12 /* Utilities in Frameworks */,
				D9ADB1BD2F6C731400FEDA12 /* Home in Frameworks */,
				D9ADB1AC2F6C65AC00FEDA12 /* DesignSystem in Frameworks */,
			);
			runOnlyForDeploymentPostprocessing = 0;
		};
/* End PBXFrameworksBuildPhase section */

/* Begin PBXGroup section */
		D9ADB14E2F6C646B00FEDA12 = {
			isa = PBXGroup;
			children = (
				D9ADB1F82F6D181600FEDA12 /* README.md */,
				D9ADB1592F6C646B00FEDA12 /* CatsSpa */,
				D9ADB1A42F6C64BD00FEDA12 /* Modules */,
				D9ADB1A82F6C658D00FEDA12 /* Frameworks */,
				D9ADB1582F6C646B00FEDA12 /* Products */,
			);
			sourceTree = "<group>";
		};
		D9ADB1582F6C646B00FEDA12 /* Products */ = {
			isa = PBXGroup;
			children = (
				D9ADB1572F6C646B00FEDA12 /* CatsSpa.app */,
			);
			name = Products;
			sourceTree = "<group>";
		};
		D9ADB1A82F6C658D00FEDA12 /* Frameworks */ = {
			isa = PBXGroup;
			children = (
			);
			name = Frameworks;
			sourceTree = "<group>";
		};
/* End PBXGroup section */

/* Begin PBXNativeTarget section */
		D9ADB1562F6C646B00FEDA12 /* CatsSpa */ = {
			isa = PBXNativeTarget;
			buildConfigurationList = D9ADB1622F6C646D00FEDA12 /* Build configuration list for PBXNativeTarget "CatsSpa" */;
			buildPhases = (
				D9ADB1532F6C646B00FEDA12 /* Sources */,
				D9ADB1542F6C646B00FEDA12 /* Frameworks */,
				D9ADB1552F6C646B00FEDA12 /* Resources */,
			);
			buildRules = (
			);
			dependencies = (
			);
			fileSystemSynchronizedGroups = (
				D9ADB1592F6C646B00FEDA12 /* CatsSpa */,
			);
			name = CatsSpa;
			packageProductDependencies = (
				D9ADB1AB2F6C65AC00FEDA12 /* DesignSystem */,
				D9ADB1AE2F6C686B00FEDA12 /* Models */,
				D9ADB1B22F6C6AA600FEDA12 /* Repositories */,
				D9ADB1B42F6C6AA600FEDA12 /* Stores */,
				D9ADB1BC2F6C731400FEDA12 /* Home */,
				D9ADB1BE2F6C731500FEDA12 /* Providers */,
				D9ADB1C22F6D0CFE00FEDA12 /* Utilities */,
				D9ADB1FA2F6D1A1C00FEDA12 /* Analytics */,
				D9ADB1FE2F6F010B00FEDA12 /* Navigation */,
				D9ADB2002F6F067800FEDA12 /* Cat */,
			);
			productName = CatsSpa;
			productReference = D9ADB1572F6C646B00FEDA12 /* CatsSpa.app */;
			productType = "com.apple.product-type.application";
		};
/* End PBXNativeTarget section */

/* Begin PBXProject section */
		D9ADB14F2F6C646B00FEDA12 /* Project object */ = {
			isa = PBXProject;
			attributes = {
				BuildIndependentTargetsInParallel = 1;
				LastSwiftUpdateCheck = 2630;
				LastUpgradeCheck = 2630;
				TargetAttributes = {
					D9ADB1562F6C646B00FEDA12 = {
						CreatedOnToolsVersion = 26.3;
					};
				};
			};
			buildConfigurationList = D9ADB1522F6C646B00FEDA12 /* Build configuration list for PBXProject "CatsSpa" */;
			developmentRegion = en;
			hasScannedForEncodings = 0;
			knownRegions = (
				en,
				Base,
			);
			mainGroup = D9ADB14E2F6C646B00FEDA12;
			minimizedProjectReferenceProxies = 1;
			preferredProjectObjectVersion = 77;
			productRefGroup = D9ADB1582F6C646B00FEDA12 /* Products */;
			projectDirPath = "";
			projectRoot = "";
			targets = (
				D9ADB1562F6C646B00FEDA12 /* CatsSpa */,
			);
		};
/* End PBXProject section */

/* Begin PBXResourcesBuildPhase section */
		D9ADB1552F6C646B00FEDA12 /* Resources */ = {
			isa = PBXResourcesBuildPhase;
			buildActionMask = 2147483647;
			files = (
				D9ADB1F92F6D181600FEDA12 /* README.md in Resources */,
			);
			runOnlyForDeploymentPostprocessing = 0;
		};
/* End PBXResourcesBuildPhase section */

/* Begin PBXSourcesBuildPhase section */
		D9ADB1532F6C646B00FEDA12 /* Sources */ = {
			isa = PBXSourcesBuildPhase;
			buildActionMask = 2147483647;
			files = (
			);
			runOnlyForDeploymentPostprocessing = 0;
		};
/* End PBXSourcesBuildPhase section */

/* Begin XCBuildConfiguration section */
		D9ADB1602F6C646D00FEDA12 /* Debug */ = {
			isa = XCBuildConfiguration;
			buildSettings = {
				ALWAYS_SEARCH_USER_PATHS = NO;
				ASSETCATALOG_COMPILER_GENERATE_SWIFT_ASSET_SYMBOL_EXTENSIONS = YES;
				CLANG_ANALYZER_NONNULL = YES;
				CLANG_ANALYZER_NUMBER_OBJECT_CONVERSION = YES_AGGRESSIVE;
				CLANG_CXX_LANGUAGE_STANDARD = "gnu++20";
				CLANG_ENABLE_MODULES = YES;
				CLANG_ENABLE_OBJC_ARC = YES;
				CLANG_ENABLE_OBJC_WEAK = YES;
				CLANG_WARN_BLOCK_CAPTURE_AUTORELEASING = YES;
				CLANG_WARN_BOOL_CONVERSION = YES;
				CLANG_WARN_COMMA = YES;
				CLANG_WARN_CONSTANT_CONVERSION = YES;
				CLANG_WARN_DEPRECATED_OBJC_IMPLEMENTATIONS = YES;
				CLANG_WARN_DIRECT_OBJC_ISA_USAGE = YES_ERROR;
				CLANG_WARN_DOCUMENTATION_COMMENTS = YES;
				CLANG_WARN_EMPTY_BODY = YES;
				CLANG_WARN_ENUM_CONVERSION = YES;
				CLANG_WARN_INFINITE_RECURSION = YES;
				CLANG_WARN_INT_CONVERSION = YES;
				CLANG_WARN_NON_LITERAL_NULL_CONVERSION = YES;
				CLANG_WARN_OBJC_IMPLICIT_RETAIN_SELF = YES;
				CLANG_WARN_OBJC_LITERAL_CONVERSION = YES;
				CLANG_WARN_OBJC_ROOT_CLASS = YES_ERROR;
				CLANG_WARN_QUOTED_INCLUDE_IN_FRAMEWORK_HEADER = YES;
				CLANG_WARN_RANGE_LOOP_ANALYSIS = YES;
				CLANG_WARN_STRICT_PROTOTYPES = YES;
				CLANG_WARN_SUSPICIOUS_MOVE = YES;
				CLANG_WARN_UNGUARDED_AVAILABILITY = YES_AGGRESSIVE;
				CLANG_WARN_UNREACHABLE_CODE = YES;
				CLANG_WARN__DUPLICATE_METHOD_MATCH = YES;
				COPY_PHASE_STRIP = NO;
				DEBUG_INFORMATION_FORMAT = dwarf;
				DEVELOPMENT_TEAM = 8TMMB69WBG;
				ENABLE_STRICT_OBJC_MSGSEND = YES;
				ENABLE_TESTABILITY = YES;
				ENABLE_USER_SCRIPT_SANDBOXING = YES;
				GCC_C_LANGUAGE_STANDARD = gnu17;
				GCC_DYNAMIC_NO_PIC = NO;
				GCC_NO_COMMON_BLOCKS = YES;
				GCC_OPTIMIZATION_LEVEL = 0;
				GCC_PREPROCESSOR_DEFINITIONS = (
					"DEBUG=1",
					"$(inherited)",
				);
				GCC_WARN_64_TO_32_BIT_CONVERSION = YES;
				GCC_WARN_ABOUT_RETURN_TYPE = YES_ERROR;
				GCC_WARN_UNDECLARED_SELECTOR = YES;
				GCC_WARN_UNINITIALIZED_AUTOS = YES_AGGRESSIVE;
				GCC_WARN_UNUSED_FUNCTION = YES;
				GCC_WARN_UNUSED_VARIABLE = YES;
				LOCALIZATION_PREFERS_STRING_CATALOGS = YES;
				MTL_ENABLE_DEBUG_INFO = INCLUDE_SOURCE;
				MTL_FAST_MATH = YES;
				ONLY_ACTIVE_ARCH = YES;
				SWIFT_ACTIVE_COMPILATION_CONDITIONS = "DEBUG $(inherited)";
				SWIFT_OPTIMIZATION_LEVEL = "-Onone";
			};
			name = Debug;
		};
		D9ADB1612F6C646D00FEDA12 /* Release */ = {
			isa = XCBuildConfiguration;
			buildSettings = {
				ALWAYS_SEARCH_USER_PATHS = NO;
				ASSETCATALOG_COMPILER_GENERATE_SWIFT_ASSET_SYMBOL_EXTENSIONS = YES;
				CLANG_ANALYZER_NONNULL = YES;
				CLANG_ANALYZER_NUMBER_OBJECT_CONVERSION = YES_AGGRESSIVE;
				CLANG_CXX_LANGUAGE_STANDARD = "gnu++20";
				CLANG_ENABLE_MODULES = YES;
				CLANG_ENABLE_OBJC_ARC = YES;
				CLANG_ENABLE_OBJC_WEAK = YES;
				CLANG_WARN_BLOCK_CAPTURE_AUTORELEASING = YES;
				CLANG_WARN_BOOL_CONVERSION = YES;
				CLANG_WARN_COMMA = YES;
				CLANG_WARN_CONSTANT_CONVERSION = YES;
				CLANG_WARN_DEPRECATED_OBJC_IMPLEMENTATIONS = YES;
				CLANG_WARN_DIRECT_OBJC_ISA_USAGE = YES_ERROR;
				CLANG_WARN_DOCUMENTATION_COMMENTS = YES;
				CLANG_WARN_EMPTY_BODY = YES;
				CLANG_WARN_ENUM_CONVERSION = YES;
				CLANG_WARN_INFINITE_RECURSION = YES;
				CLANG_WARN_INT_CONVERSION = YES;
				CLANG_WARN_NON_LITERAL_NULL_CONVERSION = YES;
				CLANG_WARN_OBJC_IMPLICIT_RETAIN_SELF = YES;
				CLANG_WARN_OBJC_LITERAL_CONVERSION = YES;
				CLANG_WARN_OBJC_ROOT_CLASS = YES_ERROR;
				CLANG_WARN_QUOTED_INCLUDE_IN_FRAMEWORK_HEADER = YES;
				CLANG_WARN_RANGE_LOOP_ANALYSIS = YES;
				CLANG_WARN_STRICT_PROTOTYPES = YES;
				CLANG_WARN_SUSPICIOUS_MOVE = YES;
				CLANG_WARN_UNGUARDED_AVAILABILITY = YES_AGGRESSIVE;
				CLANG_WARN_UNREACHABLE_CODE = YES;
				CLANG_WARN__DUPLICATE_METHOD_MATCH = YES;
				COPY_PHASE_STRIP = NO;
				DEBUG_INFORMATION_FORMAT = "dwarf-with-dsym";
				DEVELOPMENT_TEAM = 8TMMB69WBG;
				ENABLE_NS_ASSERTIONS = NO;
				ENABLE_STRICT_OBJC_MSGSEND = YES;
				ENABLE_USER_SCRIPT_SANDBOXING = YES;
				GCC_C_LANGUAGE_STANDARD = gnu17;
				GCC_NO_COMMON_BLOCKS = YES;
				GCC_WARN_64_TO_32_BIT_CONVERSION = YES;
				GCC_WARN_ABOUT_RETURN_TYPE = YES_ERROR;
				GCC_WARN_UNDECLARED_SELECTOR = YES;
				GCC_WARN_UNINITIALIZED_AUTOS = YES_AGGRESSIVE;
				GCC_WARN_UNUSED_FUNCTION = YES;
				GCC_WARN_UNUSED_VARIABLE = YES;
				LOCALIZATION_PREFERS_STRING_CATALOGS = YES;
				MTL_ENABLE_DEBUG_INFO = NO;
				MTL_FAST_MATH = YES;
				SWIFT_COMPILATION_MODE = wholemodule;
			};
			name = Release;
		};
		D9ADB1632F6C646D00FEDA12 /* Debug */ = {
			isa = XCBuildConfiguration;
			buildSettings = {
				ASSETCATALOG_COMPILER_APPICON_NAME = AppIcon;
				ASSETCATALOG_COMPILER_GLOBAL_ACCENT_COLOR_NAME = AccentColor;
				CODE_SIGN_STYLE = Automatic;
				CURRENT_PROJECT_VERSION = 1;
				DEVELOPMENT_TEAM = 8TMMB69WBG;
				ENABLE_APP_SANDBOX = YES;
				ENABLE_HARDENED_RUNTIME = YES;
				ENABLE_PREVIEWS = YES;
				ENABLE_USER_SELECTED_FILES = readonly;
				GENERATE_INFOPLIST_FILE = YES;
				INFOPLIST_FILE = CatsSpa/Info.plist;
				"INFOPLIST_KEY_UIApplicationSceneManifest_Generation[sdk=iphoneos*]" = YES;
				"INFOPLIST_KEY_UIApplicationSceneManifest_Generation[sdk=iphonesimulator*]" = YES;
				"INFOPLIST_KEY_UIApplicationSupportsIndirectInputEvents[sdk=iphoneos*]" = YES;
				"INFOPLIST_KEY_UIApplicationSupportsIndirectInputEvents[sdk=iphonesimulator*]" = YES;
				"INFOPLIST_KEY_UILaunchScreen_Generation[sdk=iphoneos*]" = YES;
				"INFOPLIST_KEY_UILaunchScreen_Generation[sdk=iphonesimulator*]" = YES;
				"INFOPLIST_KEY_UIStatusBarStyle[sdk=iphoneos*]" = UIStatusBarStyleDefault;
				"INFOPLIST_KEY_UIStatusBarStyle[sdk=iphonesimulator*]" = UIStatusBarStyleDefault;
				INFOPLIST_KEY_UISupportedInterfaceOrientations = UIInterfaceOrientationPortrait;
				INFOPLIST_KEY_UISupportedInterfaceOrientations_iPad = "UIInterfaceOrientationLandscapeLeft UIInterfaceOrientationLandscapeRight UIInterfaceOrientationPortrait UIInterfaceOrientationPortraitUpsideDown";
				IPHONEOS_DEPLOYMENT_TARGET = 17.6;
				LD_RUNPATH_SEARCH_PATHS = "@executable_path/Frameworks";
				"LD_RUNPATH_SEARCH_PATHS[sdk=macosx*]" = "@executable_path/../Frameworks";
				MACOSX_DEPLOYMENT_TARGET = 26.2;
				MARKETING_VERSION = 1.0;
				PRODUCT_BUNDLE_IDENTIFIER = com.sementa.CatsSpa;
				PRODUCT_NAME = "$(TARGET_NAME)";
				REGISTER_APP_GROUPS = YES;
				SDKROOT = auto;
				STRING_CATALOG_GENERATE_SYMBOLS = YES;
				SUPPORTED_PLATFORMS = "iphoneos iphonesimulator";
				SUPPORTS_MACCATALYST = NO;
				SWIFT_APPROACHABLE_CONCURRENCY = YES;
				SWIFT_DEFAULT_ACTOR_ISOLATION = MainActor;
				SWIFT_EMIT_LOC_STRINGS = YES;
				SWIFT_UPCOMING_FEATURE_MEMBER_IMPORT_VISIBILITY = YES;
				SWIFT_VERSION = 5.0;
				TARGETED_DEVICE_FAMILY = "1,2";
				XROS_DEPLOYMENT_TARGET = 26.2;
			};
			name = Debug;
		};
		D9ADB1642F6C646D00FEDA12 /* Release */ = {
			isa = XCBuildConfiguration;
			buildSettings = {
				ASSETCATALOG_COMPILER_APPICON_NAME = AppIcon;
				ASSETCATALOG_COMPILER_GLOBAL_ACCENT_COLOR_NAME = AccentColor;
				CODE_SIGN_STYLE = Automatic;
				CURRENT_PROJECT_VERSION = 1;
				DEVELOPMENT_TEAM = 8TMMB69WBG;
				ENABLE_APP_SANDBOX = YES;
				ENABLE_HARDENED_RUNTIME = YES;
				ENABLE_PREVIEWS = YES;
				ENABLE_USER_SELECTED_FILES = readonly;
				GENERATE_INFOPLIST_FILE = YES;
				INFOPLIST_FILE = CatsSpa/Info.plist;
				"INFOPLIST_KEY_UIApplicationSceneManifest_Generation[sdk=iphoneos*]" = YES;
				"INFOPLIST_KEY_UIApplicationSceneManifest_Generation[sdk=iphonesimulator*]" = YES;
				"INFOPLIST_KEY_UIApplicationSupportsIndirectInputEvents[sdk=iphoneos*]" = YES;
				"INFOPLIST_KEY_UIApplicationSupportsIndirectInputEvents[sdk=iphonesimulator*]" = YES;
				"INFOPLIST_KEY_UILaunchScreen_Generation[sdk=iphoneos*]" = YES;
				"INFOPLIST_KEY_UILaunchScreen_Generation[sdk=iphonesimulator*]" = YES;
				"INFOPLIST_KEY_UIStatusBarStyle[sdk=iphoneos*]" = UIStatusBarStyleDefault;
				"INFOPLIST_KEY_UIStatusBarStyle[sdk=iphonesimulator*]" = UIStatusBarStyleDefault;
				INFOPLIST_KEY_UISupportedInterfaceOrientations = UIInterfaceOrientationPortrait;
				INFOPLIST_KEY_UISupportedInterfaceOrientations_iPad = "UIInterfaceOrientationLandscapeLeft UIInterfaceOrientationLandscapeRight UIInterfaceOrientationPortrait UIInterfaceOrientationPortraitUpsideDown";
				IPHONEOS_DEPLOYMENT_TARGET = 17.6;
				LD_RUNPATH_SEARCH_PATHS = "@executable_path/Frameworks";
				"LD_RUNPATH_SEARCH_PATHS[sdk=macosx*]" = "@executable_path/../Frameworks";
				MACOSX_DEPLOYMENT_TARGET = 26.2;
				MARKETING_VERSION = 1.0;
				PRODUCT_BUNDLE_IDENTIFIER = com.sementa.CatsSpa;
				PRODUCT_NAME = "$(TARGET_NAME)";
				REGISTER_APP_GROUPS = YES;
				SDKROOT = auto;
				STRING_CATALOG_GENERATE_SYMBOLS = YES;
				SUPPORTED_PLATFORMS = "iphoneos iphonesimulator";
				SUPPORTS_MACCATALYST = NO;
				SWIFT_APPROACHABLE_CONCURRENCY = YES;
				SWIFT_DEFAULT_ACTOR_ISOLATION = MainActor;
				SWIFT_EMIT_LOC_STRINGS = YES;
				SWIFT_UPCOMING_FEATURE_MEMBER_IMPORT_VISIBILITY = YES;
				SWIFT_VERSION = 5.0;
				TARGETED_DEVICE_FAMILY = "1,2";
				XROS_DEPLOYMENT_TARGET = 26.2;
			};
			name = Release;
		};
/* End XCBuildConfiguration section */

/* Begin XCConfigurationList section */
		D9ADB1522F6C646B00FEDA12 /* Build configuration list for PBXProject "CatsSpa" */ = {
			isa = XCConfigurationList;
			buildConfigurations = (
				D9ADB1602F6C646D00FEDA12 /* Debug */,
				D9ADB1612F6C646D00FEDA12 /* Release */,
			);
			defaultConfigurationIsVisible = 0;
			defaultConfigurationName = Release;
		};
		D9ADB1622F6C646D00FEDA12 /* Build configuration list for PBXNativeTarget "CatsSpa" */ = {
			isa = XCConfigurationList;
			buildConfigurations = (
				D9ADB1632F6C646D00FEDA12 /* Debug */,
				D9ADB1642F6C646D00FEDA12 /* Release */,
			);
			defaultConfigurationIsVisible = 0;
			defaultConfigurationName = Release;
		};
/* End XCConfigurationList section */

/* Begin XCSwiftPackageProductDependency section */
		D9ADB1AB2F6C65AC00FEDA12 /* DesignSystem */ = {
			isa = XCSwiftPackageProductDependency;
			productName = DesignSystem;
		};
		D9ADB1AE2F6C686B00FEDA12 /* Models */ = {
			isa = XCSwiftPackageProductDependency;
			productName = Models;
		};
		D9ADB1B22F6C6AA600FEDA12 /* Repositories */ = {
			isa = XCSwiftPackageProductDependency;
			productName = Repositories;
		};
		D9ADB1B42F6C6AA600FEDA12 /* Stores */ = {
			isa = XCSwiftPackageProductDependency;
			productName = Stores;
		};
		D9ADB1BC2F6C731400FEDA12 /* Home */ = {
			isa = XCSwiftPackageProductDependency;
			productName = Home;
		};
		D9ADB1BE2F6C731500FEDA12 /* Providers */ = {
			isa = XCSwiftPackageProductDependency;
			productName = Providers;
		};
		D9ADB1C22F6D0CFE00FEDA12 /* Utilities */ = {
			isa = XCSwiftPackageProductDependency;
			productName = Utilities;
		};
		D9ADB1FA2F6D1A1C00FEDA12 /* Analytics */ = {
			isa = XCSwiftPackageProductDependency;
			productName = Analytics;
		};
		D9ADB1FE2F6F010B00FEDA12 /* Navigation */ = {
			isa = XCSwiftPackageProductDependency;
			productName = Navigation;
		};
		D9ADB2002F6F067800FEDA12 /* Cat */ = {
			isa = XCSwiftPackageProductDependency;
			productName = Cat;
		};
/* End XCSwiftPackageProductDependency section */
	};
	rootObject = D9ADB14F2F6C646B00FEDA12 /* Project object */;
}
